
Microsoft Visual Studio Solution File, Format Version 12.00
# Visual Studio Version 16
VisualStudioVersion = 16.0.31105.61
MinimumVisualStudioVersion = 10.0.40219.1
Project("{FAE04EC0-301F-11D3-BF4B-00C04F79EFBC}") = "Samples.LinearImageTransformations.WebApp", "Samples.LinearImageTransformations.WebApp\Samples.LinearImageTransformations.WebApp.csproj", "{62420F15-5174-4CB9-B39C-09AF21398217}"
EndProject
Project("{FAE04EC0-301F-11D3-BF4B-00C04F79EFBC}") = "Samples.LinearImageTransformations.WinApp", "Samples.LinearImageTransformations.WinApp\Samples.LinearImageTransformations.WinApp.csproj", "{593F4850-F11C-4D40-A6A3-103DA3F11CCD}"
EndProject
Project("{FAE04EC0-301F-11D3-BF4B-00C04F79EFBC}") = "Samples.LinearImageTransformations", "Samples.LinearTransformations\Samples.LinearImageTransformations.csproj", "{3E6B7FC2-30A6-48DA-9F70-F969AC59666E}"
EndProject
Global
	GlobalSection(SolutionConfigurationPlatforms) = preSolution
		Debug|Any CPU = Debug|Any CPU
		Release|Any CPU = Release|Any CPU
	EndGlobalSection
	GlobalSection(ProjectConfigurationPlatforms) = postSolution
		{62420F15-5174-4CB9-B39C-09AF21398217}.Debug|Any CPU.ActiveCfg = Debug|Any CPU
		{62420F15-5174-4CB9-B39C-09AF21398217}.Debug|Any CPU.Build.0 = Debug|Any CPU
		{62420F15-5174-4CB9-B39C-09AF21398217}.Release|Any CPU.ActiveCfg = Release|Any CPU
		{62420F15-5174-4CB9-B39C-09AF21398217}.Release|Any CPU.Build.0 = Release|Any CPU
		{593F4850-F11C-4D40-A6A3-103DA3F11CCD}.Debug|Any CPU.ActiveCfg = Debug|Any CPU
		{593F4850-F11C-4D40-A6A3-103DA3F11CCD}.Debug|Any CPU.Build.0 = Debug|Any CPU
		{593F4850-F11C-4D40-A6A3-103DA3F11CCD}.Release|Any CPU.ActiveCfg = Release|Any CPU
		{593F4850-F11C-4D40-A6A3-103DA3F11CCD}.Release|Any CPU.Build.0 = Release|Any CPU
		{3E6B7FC2-30A6-48DA-9F70-F969AC59666E}.Debug|Any CPU.ActiveCfg = Debug|Any CPU
		{3E6B7FC2-30A6-48DA-9F70-F969AC59666E}.Debug|Any CPU.Build.0 = Debug|Any CPU
		{3E6B7FC2-30A6-48DA-9F70-F969AC59666E}.Release|Any CPU.ActiveCfg = Release|Any CPU
		{3E6B7FC2-30A6-48DA-9F70-F969AC59666E}.Release|Any CPU.Build.0 = Release|Any CPU
	EndGlobalSection
	GlobalSection(SolutionProperties) = preSolution
		HideSolutionNode = FALSE
	EndGlobalSection
	GlobalSection(ExtensibilityGlobals) = postSolution
		SolutionGuid = {DE28310F-63B3-475A-90A4-B1C98E7089F4}
	EndGlobalSection
EndGlobal
